
Microsoft Visual Studio Solution File, Format Version 12.00
# Visual Studio Version 16
VisualStudioVersion = 16.0.31410.357
MinimumVisualStudioVersion = 10.0.40219.1
Project("{FAE04EC0-301F-11D3-BF4B-00C04F79EFBC}") = "動態問卷系統", "動態問卷系統\動態問卷系統.csproj", "{F75A2E42-7CF8-43D8-9D44-74AA9507D5BD}"
EndProject
Project("{FAE04EC0-301F-11D3-BF4B-00C04F79EFBC}") = "DBSource", "DBSource\DBSource.csproj", "{A129E2DF-CAF6-4F4E-A29B-7121FE23BE0E}"
EndProject
Global
	GlobalSection(SolutionConfigurationPlatforms) = preSolution
		Debug|Any CPU = Debug|Any CPU
		Release|Any CPU = Release|Any CPU
	EndGlobalSection
	GlobalSection(ProjectConfigurationPlatforms) = postSolution
		{F75A2E42-7CF8-43D8-9D44-74AA9507D5BD}.Debug|Any CPU.ActiveCfg = Debug|Any CPU
		{F75A2E42-7CF8-43D8-9D44-74AA9507D5BD}.Debug|Any CPU.Build.0 = Debug|Any CPU
		{F75A2E42-7CF8-43D8-9D44-74AA9507D5BD}.Release|Any CPU.ActiveCfg = Release|Any CPU
		{F75A2E42-7CF8-43D8-9D44-74AA9507D5BD}.Release|Any CPU.Build.0 = Release|Any CPU
		{A129E2DF-CAF6-4F4E-A29B-7121FE23BE0E}.Debug|Any CPU.ActiveCfg = Debug|Any CPU
		{A129E2DF-CAF6-4F4E-A29B-7121FE23BE0E}.Debug|Any CPU.Build.0 = Debug|Any CPU
		{A129E2DF-CAF6-4F4E-A29B-7121FE23BE0E}.Release|Any CPU.ActiveCfg = Release|Any CPU
		{A129E2DF-CAF6-4F4E-A29B-7121FE23BE0E}.Release|Any CPU.Build.0 = Release|Any CPU
	EndGlobalSection
	GlobalSection(SolutionProperties) = preSolution
		HideSolutionNode = FALSE
	EndGlobalSection
	GlobalSection(ExtensibilityGlobals) = postSolution
		SolutionGuid = {AA36C156-0638-422A-8FD2-4CDC4512D924}
	EndGlobalSection
EndGlobal
